cattlecloud.net/go/stacks v1.1.3 h1:tPsMsQ3zE8nLZ+M+hqHM6GDLyfeMS8dcocAC9TCL5f0=
cattlecloud.net/go/stacks v1.1.3/go.mod h1:rkbB7YWTcP2QLwBk14BiKH6AaUCBi/EMKPi1XnoAx08=
github.com/google/go-cmp v0.6.0 h1:ofyhxvXcZhMsU5ulbFiLKl/XBFqE1GSq7atu8tAmTRI=
github.com/google/go-cmp v0.6.0/go.mod h1:17dUlkBOakJ0+DkrSSNjCkIjxS6bF9zb3elmeNGIjoY=
github.com/shoenig/test v1.12.2 h1:ZVT8NeIUwGWpZcKaepPmFMoNQ3sVpxvqUh/MAqwFiJI=
github.com/shoenig/test v1.12.2/go.mod h1:UxJ6u/x2v/TNs/LoLxBNJRV9DiwBBKYxXSyczsBHFoI=
